
Microsoft Visual Studio Solution File, Format Version 12.00
# Visual Studio Version 16
VisualStudioVersion = 16.0.30204.135
MinimumVisualStudioVersion = 10.0.40219.1
Project("{FAE04EC0-301F-11D3-BF4B-00C04F79EFBC}") = "Koordinat_Hareketleri", "Koordinat_Hareketleri\Koordinat_Hareketleri.csproj", "{B76F248E-1F28-4772-B255-A95B7BBD05E9}"
EndProject
Global
	GlobalSection(SolutionConfigurationPlatforms) = preSolution
		Debug|Any CPU = Debug|Any CPU
		Release|Any CPU = Release|Any CPU
	EndGlobalSection
	GlobalSection(ProjectConfigurationPlatforms) = postSolution
		{B76F248E-1F28-4772-B255-A95B7BBD05E9}.Debug|Any CPU.ActiveCfg = Debug|Any CPU
		{B76F248E-1F28-4772-B255-A95B7BBD05E9}.Debug|Any CPU.Build.0 = Debug|Any CPU
		{B76F248E-1F28-4772-B255-A95B7BBD05E9}.Release|Any CPU.ActiveCfg = Release|Any CPU
		{B76F248E-1F28-4772-B255-A95B7BBD05E9}.Release|Any CPU.Build.0 = Release|Any CPU
	EndGlobalSection
	GlobalSection(SolutionProperties) = preSolution
		HideSolutionNode = FALSE
	EndGlobalSection
	GlobalSection(ExtensibilityGlobals) = postSolution
		SolutionGuid = {81BB75D0-23B2-4AD4-95E4-7C46607A07D2}
	EndGlobalSection
EndGlobal
