
Microsoft Visual Studio Solution File, Format Version 12.00
# Visual Studio Version 16
VisualStudioVersion = 16.0.30204.135
MinimumVisualStudioVersion = 10.0.40219.1
Project("{FAE04EC0-301F-11D3-BF4B-00C04F79EFBC}") = "Veri_Sifreleme", "Veri_Sifreleme\Veri_Sifreleme.csproj", "{8FBC7B7C-2C38-479C-8A0A-DE533D997ACD}"
EndProject
Global
	GlobalSection(SolutionConfigurationPlatforms) = preSolution
		Debug|Any CPU = Debug|Any CPU
		Release|Any CPU = Release|Any CPU
	EndGlobalSection
	GlobalSection(ProjectConfigurationPlatforms) = postSolution
		{8FBC7B7C-2C38-479C-8A0A-DE533D997ACD}.Debug|Any CPU.ActiveCfg = Debug|Any CPU
		{8FBC7B7C-2C38-479C-8A0A-DE533D997ACD}.Debug|Any CPU.Build.0 = Debug|Any CPU
		{8FBC7B7C-2C38-479C-8A0A-DE533D997ACD}.Release|Any CPU.ActiveCfg = Release|Any CPU
		{8FBC7B7C-2C38-479C-8A0A-DE533D997ACD}.Release|Any CPU.Build.0 = Release|Any CPU
	EndGlobalSection
	GlobalSection(SolutionProperties) = preSolution
		HideSolutionNode = FALSE
	EndGlobalSection
	GlobalSection(ExtensibilityGlobals) = postSolution
		SolutionGuid = {49C4F028-0004-4583-840B-F923429D0C30}
	EndGlobalSection
EndGlobal
